
Microsoft Visual Studio Solution File, Format Version 12.00
# Visual Studio 15
Project("{FAE04EC0-301F-11D3-BF4B-00C04F79EFBC}") = "HelloWorld", "HelloWorld\HelloWorld.csproj", "{17924626-A33F-47BA-A3DC-8C81A782983F}"
EndProject
Project("{FAE04EC0-301F-11D3-BF4B-00C04F79EFBC}") = "Vars", "Vars\Vars.csproj", "{C5535E8F-4514-462D-9689-F0E3637F3DC5}"
EndProject
Project("{FAE04EC0-301F-11D3-BF4B-00C04F79EFBC}") = "Decisions", "Decisions\Decisions.csproj", "{9EE4632D-73F9-4F08-8615-CCCF8EB16131}"
EndProject
Project("{FAE04EC0-301F-11D3-BF4B-00C04F79EFBC}") = "OperatorsExpressionsStatements", "OperatorsExpressionsStatements\OperatorsExpressionsStatements.csproj", "{DB707249-547E-45AC-A3BD-E25933FD3FB3}"
EndProject
Project("{FAE04EC0-301F-11D3-BF4B-00C04F79EFBC}") = "ForIteration", "ForIteration\ForIteration.csproj", "{C8749287-C450-437E-BBFF-72E5F1ECAD01}"
EndProject
Project("{FAE04EC0-301F-11D3-BF4B-00C04F79EFBC}") = "Arrays", "Arrays\Arrays.csproj", "{B8285981-59DF-413C-A758-D31FA79B751A}"
EndProject
Project("{FAE04EC0-301F-11D3-BF4B-00C04F79EFBC}") = "SimpleMethod", "SimpleMethod\SimpleMethod.csproj", "{5EFAE91D-FAD7-4CF2-AE37-6BD49590EA77}"
EndProject
Project("{FAE04EC0-301F-11D3-BF4B-00C04F79EFBC}") = "HelperMethods", "HelperMethods\HelperMethods.csproj", "{8BA415AB-96A7-48C0-B160-F17E7E9100C0}"
EndProject
Project("{FAE04EC0-301F-11D3-BF4B-00C04F79EFBC}") = "WhileIteration", "WhileIteration\WhileIteration.csproj", "{C2A38908-91DB-4967-AAA7-FDFE39884086}"
EndProject
Project("{FAE04EC0-301F-11D3-BF4B-00C04F79EFBC}") = "Strings", "Strings\Strings.csproj", "{3B86FAE9-37F1-436A-A67B-E2DAAADFE5A9}"
EndProject
Project("{FAE04EC0-301F-11D3-BF4B-00C04F79EFBC}") = "DateNTime", "DateNTime\DateNTime.csproj", "{C8B5980C-9DA6-4C14-AB68-CAE50F2A4923}"
EndProject
Global
	GlobalSection(SolutionConfigurationPlatforms) = preSolution
		Debug|Any CPU = Debug|Any CPU
		Release|Any CPU = Release|Any CPU
	EndGlobalSection
	GlobalSection(ProjectConfigurationPlatforms) = postSolution
		{17924626-A33F-47BA-A3DC-8C81A782983F}.Debug|Any CPU.ActiveCfg = Debug|Any CPU
		{17924626-A33F-47BA-A3DC-8C81A782983F}.Debug|Any CPU.Build.0 = Debug|Any CPU
		{17924626-A33F-47BA-A3DC-8C81A782983F}.Release|Any CPU.ActiveCfg = Release|Any CPU
		{17924626-A33F-47BA-A3DC-8C81A782983F}.Release|Any CPU.Build.0 = Release|Any CPU
		{C5535E8F-4514-462D-9689-F0E3637F3DC5}.Debug|Any CPU.ActiveCfg = Debug|Any CPU
		{C5535E8F-4514-462D-9689-F0E3637F3DC5}.Debug|Any CPU.Build.0 = Debug|Any CPU
		{C5535E8F-4514-462D-9689-F0E3637F3DC5}.Release|Any CPU.ActiveCfg = Release|Any CPU
		{C5535E8F-4514-462D-9689-F0E3637F3DC5}.Release|Any CPU.Build.0 = Release|Any CPU
		{9EE4632D-73F9-4F08-8615-CCCF8EB16131}.Debug|Any CPU.ActiveCfg = Debug|Any CPU
		{9EE4632D-73F9-4F08-8615-CCCF8EB16131}.Debug|Any CPU.Build.0 = Debug|Any CPU
		{9EE4632D-73F9-4F08-8615-CCCF8EB16131}.Release|Any CPU.ActiveCfg = Release|Any CPU
		{9EE4632D-73F9-4F08-8615-CCCF8EB16131}.Release|Any CPU.Build.0 = Release|Any CPU
		{DB707249-547E-45AC-A3BD-E25933FD3FB3}.Debug|Any CPU.ActiveCfg = Debug|Any CPU
		{DB707249-547E-45AC-A3BD-E25933FD3FB3}.Debug|Any CPU.Build.0 = Debug|Any CPU
		{DB707249-547E-45AC-A3BD-E25933FD3FB3}.Release|Any CPU.ActiveCfg = Release|Any CPU
		{DB707249-547E-45AC-A3BD-E25933FD3FB3}.Release|Any CPU.Build.0 = Release|Any CPU
		{C8749287-C450-437E-BBFF-72E5F1ECAD01}.Debug|Any CPU.ActiveCfg = Debug|Any CPU
		{C8749287-C450-437E-BBFF-72E5F1ECAD01}.Debug|Any CPU.Build.0 = Debug|Any CPU
		{C8749287-C450-437E-BBFF-72E5F1ECAD01}.Release|Any CPU.ActiveCfg = Release|Any CPU
		{C8749287-C450-437E-BBFF-72E5F1ECAD01}.Release|Any CPU.Build.0 = Release|Any CPU
		{B8285981-59DF-413C-A758-D31FA79B751A}.Debug|Any CPU.ActiveCfg = Debug|Any CPU
		{B8285981-59DF-413C-A758-D31FA79B751A}.Debug|Any CPU.Build.0 = Debug|Any CPU
		{B8285981-59DF-413C-A758-D31FA79B751A}.Release|Any CPU.ActiveCfg = Release|Any CPU
		{B8285981-59DF-413C-A758-D31FA79B751A}.Release|Any CPU.Build.0 = Release|Any CPU
		{5EFAE91D-FAD7-4CF2-AE37-6BD49590EA77}.Debug|Any CPU.ActiveCfg = Debug|Any CPU
		{5EFAE91D-FAD7-4CF2-AE37-6BD49590EA77}.Debug|Any CPU.Build.0 = Debug|Any CPU
		{5EFAE91D-FAD7-4CF2-AE37-6BD49590EA77}.Release|Any CPU.ActiveCfg = Release|Any CPU
		{5EFAE91D-FAD7-4CF2-AE37-6BD49590EA77}.Release|Any CPU.Build.0 = Release|Any CPU
		{8BA415AB-96A7-48C0-B160-F17E7E9100C0}.Debug|Any CPU.ActiveCfg = Debug|Any CPU
		{8BA415AB-96A7-48C0-B160-F17E7E9100C0}.Debug|Any CPU.Build.0 = Debug|Any CPU
		{8BA415AB-96A7-48C0-B160-F17E7E9100C0}.Release|Any CPU.ActiveCfg = Release|Any CPU
		{8BA415AB-96A7-48C0-B160-F17E7E9100C0}.Release|Any CPU.Build.0 = Release|Any CPU
		{C2A38908-91DB-4967-AAA7-FDFE39884086}.Debug|Any CPU.ActiveCfg = Debug|Any CPU
		{C2A38908-91DB-4967-AAA7-FDFE39884086}.Debug|Any CPU.Build.0 = Debug|Any CPU
		{C2A38908-91DB-4967-AAA7-FDFE39884086}.Release|Any CPU.ActiveCfg = Release|Any CPU
		{C2A38908-91DB-4967-AAA7-FDFE39884086}.Release|Any CPU.Build.0 = Release|Any CPU
		{3B86FAE9-37F1-436A-A67B-E2DAAADFE5A9}.Debug|Any CPU.ActiveCfg = Debug|Any CPU
		{3B86FAE9-37F1-436A-A67B-E2DAAADFE5A9}.Debug|Any CPU.Build.0 = Debug|Any CPU
		{3B86FAE9-37F1-436A-A67B-E2DAAADFE5A9}.Release|Any CPU.ActiveCfg = Release|Any CPU
		{3B86FAE9-37F1-436A-A67B-E2DAAADFE5A9}.Release|Any CPU.Build.0 = Release|Any CPU
		{C8B5980C-9DA6-4C14-AB68-CAE50F2A4923}.Debug|Any CPU.ActiveCfg = Debug|Any CPU
		{C8B5980C-9DA6-4C14-AB68-CAE50F2A4923}.Debug|Any CPU.Build.0 = Debug|Any CPU
		{C8B5980C-9DA6-4C14-AB68-CAE50F2A4923}.Release|Any CPU.ActiveCfg = Release|Any CPU
		{C8B5980C-9DA6-4C14-AB68-CAE50F2A4923}.Release|Any CPU.Build.0 = Release|Any CPU
	EndGlobalSection
EndGlobal
