
Microsoft Visual Studio Solution File, Format Version 12.00
# Visual Studio 15
VisualStudioVersion = 15.0.28306.52
MinimumVisualStudioVersion = 10.0.40219.1
Project("{9A19103F-16F7-4668-BE54-9A1E7A4F7556}") = "HelloWorld", "MVATutorialR\HelloWorld.csproj", "{862CC42E-091B-402B-86BE-9052E2ECE09A}"
EndProject
Project("{9A19103F-16F7-4668-BE54-9A1E7A4F7556}") = "Arrays", "Arrays\Arrays.csproj", "{510EFC2F-7548-4539-94A6-74605233A240}"
EndProject
Project("{9A19103F-16F7-4668-BE54-9A1E7A4F7556}") = "DateNTime", "DateNTime\DateNTime.csproj", "{C5574E39-095F-4A49-B107-56A1A043520F}"
EndProject
Project("{9A19103F-16F7-4668-BE54-9A1E7A4F7556}") = "Decisions", "Decisions\Decisions.csproj", "{64BA8B2F-E2BD-406C-9044-B61D0AD46D2B}"
EndProject
Project("{9A19103F-16F7-4668-BE54-9A1E7A4F7556}") = "ForIteration", "ForIteration\ForIteration.csproj", "{1AA418EB-219F-4F7A-97F0-76ED9BE821B2}"
EndProject
Project("{9A19103F-16F7-4668-BE54-9A1E7A4F7556}") = "HelperMethods", "HelperMethods\HelperMethods.csproj", "{E5BB8704-432E-4F15-B89C-43850562476E}"
EndProject
Project("{9A19103F-16F7-4668-BE54-9A1E7A4F7556}") = "ObjectLifetime", "ObjectLifetime\ObjectLifetime.csproj", "{5CD6AA7C-0599-4DC3-A198-B16C83F1D181}"
EndProject
Project("{9A19103F-16F7-4668-BE54-9A1E7A4F7556}") = "OperatorsExpressionsStatements", "OperatorsExpressionsStatements\OperatorsExpressionsStatements.csproj", "{88761831-649D-42E6-AC78-2DCC5C65842C}"
EndProject
Project("{9A19103F-16F7-4668-BE54-9A1E7A4F7556}") = "SimpleClasses", "SimpleClasses\SimpleClasses.csproj", "{DF0E8D42-3C5C-4A92-8E98-5A8D56EB82FC}"
EndProject
Project("{9A19103F-16F7-4668-BE54-9A1E7A4F7556}") = "SimpleMethod", "SimpleMethod\SimpleMethod.csproj", "{98A1F168-93C7-40DD-8CCF-5E856F216755}"
EndProject
Project("{9A19103F-16F7-4668-BE54-9A1E7A4F7556}") = "Strings", "Strings\Strings.csproj", "{5E3DF50E-64B6-4089-BC13-F45C7AFB1A6E}"
EndProject
Project("{9A19103F-16F7-4668-BE54-9A1E7A4F7556}") = "Vars", "Vars\Vars.csproj", "{DF85F4F9-2412-48CC-AA4D-7829B037E0CB}"
EndProject
Project("{9A19103F-16F7-4668-BE54-9A1E7A4F7556}") = "WhileIteration", "WhileIteration\WhileIteration.csproj", "{D2F6F1E3-800C-4A55-875D-43FC80066371}"
EndProject
Project("{9A19103F-16F7-4668-BE54-9A1E7A4F7556}") = "UnderstandingScope", "UnderstandingScope\UnderstandingScope.csproj", "{F6B01A4F-647E-42B1-A5FE-414CD665ED71}"
EndProject
Project("{9A19103F-16F7-4668-BE54-9A1E7A4F7556}") = "AssemliesNNamespaces", "AssemliesNNamespaces\AssemliesNNamespaces.csproj", "{C6211457-2881-4C2A-817A-97C192CE2A9A}"
EndProject
Project("{9A19103F-16F7-4668-BE54-9A1E7A4F7556}") = "MyClassLibrary", "MyClassLibrary\MyClassLibrary.csproj", "{687B9322-C469-4F70-8F78-35927DD45A46}"
EndProject
Project("{FAE04EC0-301F-11D3-BF4B-00C04F79EFBC}") = "Collections", "Collections\Collections.csproj", "{46EB3BD2-534C-47C3-963D-598D98E2136A}"
EndProject
Project("{FAE04EC0-301F-11D3-BF4B-00C04F79EFBC}") = "Exceptions", "Exceptions\Exceptions.csproj", "{83DFAB5D-4E4B-46AF-8E13-89D5B239D743}"
EndProject
Project("{FAE04EC0-301F-11D3-BF4B-00C04F79EFBC}") = "UnitTests", "UnitTests\UnitTests.csproj", "{0DBBC143-3743-420F-BC37-6F7AD96ABAC6}"
EndProject
Project("{FAE04EC0-301F-11D3-BF4B-00C04F79EFBC}") = "UnitTests.Test", "UnitTests.Test\UnitTests.Test.csproj", "{7D085400-0A0D-4C50-91DC-E5FBB7172BB2}"
EndProject
Global
	GlobalSection(SolutionConfigurationPlatforms) = preSolution
		Debug|Any CPU = Debug|Any CPU
		Release|Any CPU = Release|Any CPU
	EndGlobalSection
	GlobalSection(ProjectConfigurationPlatforms) = postSolution
		{862CC42E-091B-402B-86BE-9052E2ECE09A}.Debug|Any CPU.ActiveCfg = Debug|Any CPU
		{862CC42E-091B-402B-86BE-9052E2ECE09A}.Debug|Any CPU.Build.0 = Debug|Any CPU
		{862CC42E-091B-402B-86BE-9052E2ECE09A}.Release|Any CPU.ActiveCfg = Release|Any CPU
		{862CC42E-091B-402B-86BE-9052E2ECE09A}.Release|Any CPU.Build.0 = Release|Any CPU
		{510EFC2F-7548-4539-94A6-74605233A240}.Debug|Any CPU.ActiveCfg = Debug|Any CPU
		{510EFC2F-7548-4539-94A6-74605233A240}.Debug|Any CPU.Build.0 = Debug|Any CPU
		{510EFC2F-7548-4539-94A6-74605233A240}.Release|Any CPU.ActiveCfg = Release|Any CPU
		{510EFC2F-7548-4539-94A6-74605233A240}.Release|Any CPU.Build.0 = Release|Any CPU
		{C5574E39-095F-4A49-B107-56A1A043520F}.Debug|Any CPU.ActiveCfg = Debug|Any CPU
		{C5574E39-095F-4A49-B107-56A1A043520F}.Debug|Any CPU.Build.0 = Debug|Any CPU
		{C5574E39-095F-4A49-B107-56A1A043520F}.Release|Any CPU.ActiveCfg = Release|Any CPU
		{C5574E39-095F-4A49-B107-56A1A043520F}.Release|Any CPU.Build.0 = Release|Any CPU
		{64BA8B2F-E2BD-406C-9044-B61D0AD46D2B}.Debug|Any CPU.ActiveCfg = Debug|Any CPU
		{64BA8B2F-E2BD-406C-9044-B61D0AD46D2B}.Debug|Any CPU.Build.0 = Debug|Any CPU
		{64BA8B2F-E2BD-406C-9044-B61D0AD46D2B}.Release|Any CPU.ActiveCfg = Release|Any CPU
		{64BA8B2F-E2BD-406C-9044-B61D0AD46D2B}.Release|Any CPU.Build.0 = Release|Any CPU
		{1AA418EB-219F-4F7A-97F0-76ED9BE821B2}.Debug|Any CPU.ActiveCfg = Debug|Any CPU
		{1AA418EB-219F-4F7A-97F0-76ED9BE821B2}.Debug|Any CPU.Build.0 = Debug|Any CPU
		{1AA418EB-219F-4F7A-97F0-76ED9BE821B2}.Release|Any CPU.ActiveCfg = Release|Any CPU
		{1AA418EB-219F-4F7A-97F0-76ED9BE821B2}.Release|Any CPU.Build.0 = Release|Any CPU
		{E5BB8704-432E-4F15-B89C-43850562476E}.Debug|Any CPU.ActiveCfg = Debug|Any CPU
		{E5BB8704-432E-4F15-B89C-43850562476E}.Debug|Any CPU.Build.0 = Debug|Any CPU
		{E5BB8704-432E-4F15-B89C-43850562476E}.Release|Any CPU.ActiveCfg = Release|Any CPU
		{E5BB8704-432E-4F15-B89C-43850562476E}.Release|Any CPU.Build.0 = Release|Any CPU
		{5CD6AA7C-0599-4DC3-A198-B16C83F1D181}.Debug|Any CPU.ActiveCfg = Debug|Any CPU
		{5CD6AA7C-0599-4DC3-A198-B16C83F1D181}.Debug|Any CPU.Build.0 = Debug|Any CPU
		{5CD6AA7C-0599-4DC3-A198-B16C83F1D181}.Release|Any CPU.ActiveCfg = Release|Any CPU
		{5CD6AA7C-0599-4DC3-A198-B16C83F1D181}.Release|Any CPU.Build.0 = Release|Any CPU
		{88761831-649D-42E6-AC78-2DCC5C65842C}.Debug|Any CPU.ActiveCfg = Debug|Any CPU
		{88761831-649D-42E6-AC78-2DCC5C65842C}.Debug|Any CPU.Build.0 = Debug|Any CPU
		{88761831-649D-42E6-AC78-2DCC5C65842C}.Release|Any CPU.ActiveCfg = Release|Any CPU
		{88761831-649D-42E6-AC78-2DCC5C65842C}.Release|Any CPU.Build.0 = Release|Any CPU
		{DF0E8D42-3C5C-4A92-8E98-5A8D56EB82FC}.Debug|Any CPU.ActiveCfg = Debug|Any CPU
		{DF0E8D42-3C5C-4A92-8E98-5A8D56EB82FC}.Debug|Any CPU.Build.0 = Debug|Any CPU
		{DF0E8D42-3C5C-4A92-8E98-5A8D56EB82FC}.Release|Any CPU.ActiveCfg = Release|Any CPU
		{DF0E8D42-3C5C-4A92-8E98-5A8D56EB82FC}.Release|Any CPU.Build.0 = Release|Any CPU
		{98A1F168-93C7-40DD-8CCF-5E856F216755}.Debug|Any CPU.ActiveCfg = Debug|Any CPU
		{98A1F168-93C7-40DD-8CCF-5E856F216755}.Debug|Any CPU.Build.0 = Debug|Any CPU
		{98A1F168-93C7-40DD-8CCF-5E856F216755}.Release|Any CPU.ActiveCfg = Release|Any CPU
		{98A1F168-93C7-40DD-8CCF-5E856F216755}.Release|Any CPU.Build.0 = Release|Any CPU
		{5E3DF50E-64B6-4089-BC13-F45C7AFB1A6E}.Debug|Any CPU.ActiveCfg = Debug|Any CPU
		{5E3DF50E-64B6-4089-BC13-F45C7AFB1A6E}.Debug|Any CPU.Build.0 = Debug|Any CPU
		{5E3DF50E-64B6-4089-BC13-F45C7AFB1A6E}.Release|Any CPU.ActiveCfg = Release|Any CPU
		{5E3DF50E-64B6-4089-BC13-F45C7AFB1A6E}.Release|Any CPU.Build.0 = Release|Any CPU
		{DF85F4F9-2412-48CC-AA4D-7829B037E0CB}.Debug|Any CPU.ActiveCfg = Debug|Any CPU
		{DF85F4F9-2412-48CC-AA4D-7829B037E0CB}.Debug|Any CPU.Build.0 = Debug|Any CPU
		{DF85F4F9-2412-48CC-AA4D-7829B037E0CB}.Release|Any CPU.ActiveCfg = Release|Any CPU
		{DF85F4F9-2412-48CC-AA4D-7829B037E0CB}.Release|Any CPU.Build.0 = Release|Any CPU
		{D2F6F1E3-800C-4A55-875D-43FC80066371}.Debug|Any CPU.ActiveCfg = Debug|Any CPU
		{D2F6F1E3-800C-4A55-875D-43FC80066371}.Debug|Any CPU.Build.0 = Debug|Any CPU
		{D2F6F1E3-800C-4A55-875D-43FC80066371}.Release|Any CPU.ActiveCfg = Release|Any CPU
		{D2F6F1E3-800C-4A55-875D-43FC80066371}.Release|Any CPU.Build.0 = Release|Any CPU
		{F6B01A4F-647E-42B1-A5FE-414CD665ED71}.Debug|Any CPU.ActiveCfg = Debug|Any CPU
		{F6B01A4F-647E-42B1-A5FE-414CD665ED71}.Debug|Any CPU.Build.0 = Debug|Any CPU
		{F6B01A4F-647E-42B1-A5FE-414CD665ED71}.Release|Any CPU.ActiveCfg = Release|Any CPU
		{F6B01A4F-647E-42B1-A5FE-414CD665ED71}.Release|Any CPU.Build.0 = Release|Any CPU
		{C6211457-2881-4C2A-817A-97C192CE2A9A}.Debug|Any CPU.ActiveCfg = Debug|Any CPU
		{C6211457-2881-4C2A-817A-97C192CE2A9A}.Debug|Any CPU.Build.0 = Debug|Any CPU
		{C6211457-2881-4C2A-817A-97C192CE2A9A}.Release|Any CPU.ActiveCfg = Release|Any CPU
		{C6211457-2881-4C2A-817A-97C192CE2A9A}.Release|Any CPU.Build.0 = Release|Any CPU
		{687B9322-C469-4F70-8F78-35927DD45A46}.Debug|Any CPU.ActiveCfg = Debug|Any CPU
		{687B9322-C469-4F70-8F78-35927DD45A46}.Debug|Any CPU.Build.0 = Debug|Any CPU
		{687B9322-C469-4F70-8F78-35927DD45A46}.Release|Any CPU.ActiveCfg = Release|Any CPU
		{687B9322-C469-4F70-8F78-35927DD45A46}.Release|Any CPU.Build.0 = Release|Any CPU
		{46EB3BD2-534C-47C3-963D-598D98E2136A}.Debug|Any CPU.ActiveCfg = Debug|Any CPU
		{46EB3BD2-534C-47C3-963D-598D98E2136A}.Debug|Any CPU.Build.0 = Debug|Any CPU
		{46EB3BD2-534C-47C3-963D-598D98E2136A}.Release|Any CPU.ActiveCfg = Release|Any CPU
		{46EB3BD2-534C-47C3-963D-598D98E2136A}.Release|Any CPU.Build.0 = Release|Any CPU
		{83DFAB5D-4E4B-46AF-8E13-89D5B239D743}.Debug|Any CPU.ActiveCfg = Debug|Any CPU
		{83DFAB5D-4E4B-46AF-8E13-89D5B239D743}.Debug|Any CPU.Build.0 = Debug|Any CPU
		{83DFAB5D-4E4B-46AF-8E13-89D5B239D743}.Release|Any CPU.ActiveCfg = Release|Any CPU
		{83DFAB5D-4E4B-46AF-8E13-89D5B239D743}.Release|Any CPU.Build.0 = Release|Any CPU
		{0DBBC143-3743-420F-BC37-6F7AD96ABAC6}.Debug|Any CPU.ActiveCfg = Debug|Any CPU
		{0DBBC143-3743-420F-BC37-6F7AD96ABAC6}.Debug|Any CPU.Build.0 = Debug|Any CPU
		{0DBBC143-3743-420F-BC37-6F7AD96ABAC6}.Release|Any CPU.ActiveCfg = Release|Any CPU
		{0DBBC143-3743-420F-BC37-6F7AD96ABAC6}.Release|Any CPU.Build.0 = Release|Any CPU
		{7D085400-0A0D-4C50-91DC-E5FBB7172BB2}.Debug|Any CPU.ActiveCfg = Debug|Any CPU
		{7D085400-0A0D-4C50-91DC-E5FBB7172BB2}.Debug|Any CPU.Build.0 = Debug|Any CPU
		{7D085400-0A0D-4C50-91DC-E5FBB7172BB2}.Release|Any CPU.ActiveCfg = Release|Any CPU
		{7D085400-0A0D-4C50-91DC-E5FBB7172BB2}.Release|Any CPU.Build.0 = Release|Any CPU
	EndGlobalSection
	GlobalSection(SolutionProperties) = preSolution
		HideSolutionNode = FALSE
	EndGlobalSection
	GlobalSection(ExtensibilityGlobals) = postSolution
		SolutionGuid = {D70FECE5-C397-481C-A5DE-E1096D10A782}
	EndGlobalSection
EndGlobal
